
Microsoft Visual Studio Solution File, Format Version 12.00
# Visual Studio Version 17
VisualStudioVersion = 17.8.34330.188
MinimumVisualStudioVersion = 10.0.40219.1
Project("{FAE04EC0-301F-11D3-BF4B-00C04F79EFBC}") = "CalcOsagoSkeleton", "CalcOsagoSkeleton.csproj", "{5C209F26-AC4E-4675-B628-87EB4E61977D}"
EndProject
Global
	GlobalSection(SolutionConfigurationPlatforms) = preSolution
		Debug|Any CPU = Debug|Any CPU
		Release|Any CPU = Release|Any CPU
	EndGlobalSection
	GlobalSection(ProjectConfigurationPlatforms) = postSolution
		{5C209F26-AC4E-4675-B628-87EB4E61977D}.Debug|Any CPU.ActiveCfg = Debug|Any CPU
		{5C209F26-AC4E-4675-B628-87EB4E61977D}.Debug|Any CPU.Build.0 = Debug|Any CPU
		{5C209F26-AC4E-4675-B628-87EB4E61977D}.Release|Any CPU.ActiveCfg = Release|Any CPU
		{5C209F26-AC4E-4675-B628-87EB4E61977D}.Release|Any CPU.Build.0 = Release|Any CPU
	EndGlobalSection
	GlobalSection(SolutionProperties) = preSolution
		HideSolutionNode = FALSE
	EndGlobalSection
	GlobalSection(ExtensibilityGlobals) = postSolution
		SolutionGuid = {6166B085-76E6-42ED-B7B5-54945695B57A}
	EndGlobalSection
EndGlobal
